
Microsoft Visual Studio Solution File, Format Version 12.00
# Visual Studio Version 16
VisualStudioVersion = 16.0.29020.237
MinimumVisualStudioVersion = 10.0.40219.1
Project("{FAE04EC0-301F-11D3-BF4B-00C04F79EFBC}") = "BazsantPortal", "BazsantPortal\BazsantPortal.csproj", "{D0E69FE3-49F8-4D3A-A261-7BC59FF62B0E}"
EndProject
Global
	GlobalSection(SolutionConfigurationPlatforms) = preSolution
		Debug|Any CPU = Debug|Any CPU
		Release|Any CPU = Release|Any CPU
	EndGlobalSection
	GlobalSection(ProjectConfigurationPlatforms) = postSolution
		{D0E69FE3-49F8-4D3A-A261-7BC59FF62B0E}.Debug|Any CPU.ActiveCfg = Debug|Any CPU
		{D0E69FE3-49F8-4D3A-A261-7BC59FF62B0E}.Debug|Any CPU.Build.0 = Debug|Any CPU
		{D0E69FE3-49F8-4D3A-A261-7BC59FF62B0E}.Release|Any CPU.ActiveCfg = Release|Any CPU
		{D0E69FE3-49F8-4D3A-A261-7BC59FF62B0E}.Release|Any CPU.Build.0 = Release|Any CPU
	EndGlobalSection
	GlobalSection(SolutionProperties) = preSolution
		HideSolutionNode = FALSE
	EndGlobalSection
	GlobalSection(ExtensibilityGlobals) = postSolution
		SolutionGuid = {E95C2D50-A49A-4BB1-93E2-51E9DC380E29}
	EndGlobalSection
EndGlobal
