
Microsoft Visual Studio Solution File, Format Version 12.00
# Visual Studio Version 16
VisualStudioVersion = 16.0.29020.237
MinimumVisualStudioVersion = 10.0.40219.1
Project("{FAE04EC0-301F-11D3-BF4B-00C04F79EFBC}") = "bazsant-portal", "bazsant-portal\bazsant-portal.csproj", "{192EE301-F1ED-4CE2-9410-F93A1D89DEB9}"
EndProject
Global
	GlobalSection(SolutionConfigurationPlatforms) = preSolution
		Debug|Any CPU = Debug|Any CPU
		Release|Any CPU = Release|Any CPU
	EndGlobalSection
	GlobalSection(ProjectConfigurationPlatforms) = postSolution
		{192EE301-F1ED-4CE2-9410-F93A1D89DEB9}.Debug|Any CPU.ActiveCfg = Debug|Any CPU
		{192EE301-F1ED-4CE2-9410-F93A1D89DEB9}.Debug|Any CPU.Build.0 = Debug|Any CPU
		{192EE301-F1ED-4CE2-9410-F93A1D89DEB9}.Release|Any CPU.ActiveCfg = Release|Any CPU
		{192EE301-F1ED-4CE2-9410-F93A1D89DEB9}.Release|Any CPU.Build.0 = Release|Any CPU
	EndGlobalSection
	GlobalSection(SolutionProperties) = preSolution
		HideSolutionNode = FALSE
	EndGlobalSection
	GlobalSection(ExtensibilityGlobals) = postSolution
		SolutionGuid = {4C5DF55D-49B2-439F-B301-2176737F823B}
	EndGlobalSection
EndGlobal
